# This file is automatically @generated by Cargo.
# It is not intended for manual editing.
version = 4

[[package]]
name = "disk_reader"
version = "0.1.0"

[[package]]
name = "file_carver"
version = "0.1.0"

[[package]]
name = "recovery_engine"
version = "0.1.0"

[[package]]
name = "rust-recovery"
version = "0.1.0"
dependencies = [
 "disk_reader",
 "file_carver",
 "recovery_engine",
]
